schema: '2.0'
stages:
  load_data:
    cmd: python src/load_data.py --config=params.yaml
    deps:
    - path: source_data/diabetes.csv
      md5: 1c644ff1dd47bea0375d260747f2e40a
      size: 23875
    - path: src/get_data.py
      md5: b773af9b5cb4fa662e711650234bb7e8
      size: 712
    - path: src/load_data.py
      md5: 053a740b4bd7c880229c08aee6e94ad2
      size: 595
    outs:
    - path: data/raw/diabetes.csv
      md5: 60acca81995dc9744b499005ecfe6f2a
      size: 24059
  split_data:
    cmd: python src/split_data.py --config=params.yaml
    deps:
    - path: data/raw/diabetes.csv
      md5: 60acca81995dc9744b499005ecfe6f2a
      size: 24059
    - path: src/split_data.py
      md5: 3da0d56a4a1d7cb6fd2e8a4e19026a79
      size: 1077
    outs:
    - path: data/processed/test_diabetes.csv
      md5: 87a0acd072c4a9acbc6188e699e3cdad
      size: 4889
    - path: data/processed/train_diabetes.csv
      md5: 0391aedb5ebb4b9f581d0a735000d674
      size: 19268
  train_and_evaluate:
    cmd: python src/train_and_evaluate.py --config=params.yaml
    deps:
    - path: data/processed/test_diabetes.csv
      md5: 87a0acd072c4a9acbc6188e699e3cdad
      size: 4889
    - path: data/processed/train_diabetes.csv
      md5: 0391aedb5ebb4b9f581d0a735000d674
      size: 19268
    - path: src/train_and_evaluate.py
      md5: ea0a80bddc550f0fc5d595aab31051f5
      size: 3226
    params:
      params.yaml:
        estimators.LogisticRegression.params.l1_ratio: 0
        estimators.LogisticRegression.params.penalty: elasticnet
        estimators.LogisticRegression.params.solver: saga
    outs:
    - path: report/params.json
      md5: c245fd33a960b913fa017b0d09bf5f36
      size: 76
    - path: report/scores.json
      md5: 5307c688ea951a5139f3eb989c614cef
      size: 174
    - path: saved_models/model.joblib
      md5: 7ea6693557c9981fdff14e39c38be82a
      size: 969
